// !$*UTF8*$!
{
	archiveVersion = 1;
	classes = {
	};
	objectVersion = 51;
	objects = {

/* Begin PBXBuildFile section */
		7F023738224B22070054449E /* FilterCell.swift in Sources */ = {isa = PBXBuildFile; fileRef = 7F023737224B22070054449E /* FilterCell.swift */; };
		7F1671A2229302C3001EFB66 /* BookmarkStore.swift in Sources */ = {isa = PBXBuildFile; fileRef = 7F1671A1229302C3001EFB66 /* BookmarkStore.swift */; };
		7F1671A422932F18001EFB66 /* BookmarkCell.swift in Sources */ = {isa = PBXBuildFile; fileRef = 7F1671A322932F18001EFB66 /* BookmarkCell.swift */; };
		7F1671A622932F66001EFB66 /* BookmarksTableViewController.swift in Sources */ = {isa = PBXBuildFile; fileRef = 7F1671A522932F66001EFB66 /* BookmarksTableViewController.swift */; };
		7F1ACA3922A5B58B004D5272 /* EndPointType.swift in Sources */ = {isa = PBXBuildFile; fileRef = 7F1ACA3822A5B58B004D5272 /* EndPointType.swift */; };
		7F1ACA3D22A5B5DB004D5272 /* HTTPMethod.swift in Sources */ = {isa = PBXBuildFile; fileRef = 7F1ACA3C22A5B5DB004D5272 /* HTTPMethod.swift */; };
		7F1ACA3F22A5B5F7004D5272 /* NetworkLogger.swift in Sources */ = {isa = PBXBuildFile; fileRef = 7F1ACA3E22A5B5F7004D5272 /* NetworkLogger.swift */; };
		7F1ACA4122A5B620004D5272 /* Router.swift in Sources */ = {isa = PBXBuildFile; fileRef = 7F1ACA4022A5B620004D5272 /* Router.swift */; };
		7F1ACA4322A5B66F004D5272 /* NetworkRouter.swift in Sources */ = {isa = PBXBuildFile; fileRef = 7F1ACA4222A5B66F004D5272 /* NetworkRouter.swift */; };
		7F1ACA4522A5B6AC004D5272 /* HTTPTask.swift in Sources */ = {isa = PBXBuildFile; fileRef = 7F1ACA4422A5B6AC004D5272 /* HTTPTask.swift */; };
		7F2BF7902256F9DE00C909E2 /* QuartzCore.framework in Frameworks */ = {isa = PBXBuildFile; fileRef = 7F2BF78F2256F9DE00C909E2 /* QuartzCore.framework */; };
		7F73F705222D6F7F00D19C03 /* AppDelegate.swift in Sources */ = {isa = PBXBuildFile; fileRef = 7F73F704222D6F7F00D19C03 /* AppDelegate.swift */; };
		7F73F707222D6F7F00D19C03 /* ViewController.swift in Sources */ = {isa = PBXBuildFile; fileRef = 7F73F706222D6F7F00D19C03 /* ViewController.swift */; };
		7F73F70A222D6F7F00D19C03 /* Main.storyboard in Resources */ = {isa = PBXBuildFile; fileRef = 7F73F708222D6F7F00D19C03 /* Main.storyboard */; };
		7F73F70C222D6F8000D19C03 /* Assets.xcassets in Resources */ = {isa = PBXBuildFile; fileRef = 7F73F70B222D6F8000D19C03 /* Assets.xcassets */; };
		7F73F70F222D6F8000D19C03 /* LaunchScreen.storyboard in Resources */ = {isa = PBXBuildFile; fileRef = 7F73F70D222D6F8000D19C03 /* LaunchScreen.storyboard */; };
		7F73F71C222D78A300D19C03 /* ParameterEncoding.swift in Sources */ = {isa = PBXBuildFile; fileRef = 7F73F71B222D78A300D19C03 /* ParameterEncoding.swift */; };
		7F73F71E222D78CD00D19C03 /* URLParameterEncoder.swift in Sources */ = {isa = PBXBuildFile; fileRef = 7F73F71D222D78CD00D19C03 /* URLParameterEncoder.swift */; };
		7F73F720222D78E800D19C03 /* JSONParameterEncoder.swift in Sources */ = {isa = PBXBuildFile; fileRef = 7F73F71F222D78E800D19C03 /* JSONParameterEncoder.swift */; };
		7F7C2FBC2290DA0600C93FED /* BookmarkDBHelper.swift in Sources */ = {isa = PBXBuildFile; fileRef = 7F7C2FBB2290DA0600C93FED /* BookmarkDBHelper.swift */; };
		7F7C2FBE2290FC5500C93FED /* Bookmark.swift in Sources */ = {isa = PBXBuildFile; fileRef = 7F7C2FBD2290FC5500C93FED /* Bookmark.swift */; };
		7F95D393223327B600CAE838 /* NetworkManager.swift in Sources */ = {isa = PBXBuildFile; fileRef = 7F95D392223327B600CAE838 /* NetworkManager.swift */; };
		7F95D396223327F300CAE838 /* YouTubeEndPoint.swift in Sources */ = {isa = PBXBuildFile; fileRef = 7F95D395223327F300CAE838 /* YouTubeEndPoint.swift */; };
		7F95D39922332E4800CAE838 /* YouTube.swift in Sources */ = {isa = PBXBuildFile; fileRef = 7F95D39822332E4800CAE838 /* YouTube.swift */; };
		7FCB10D922A2019100CBAB03 /* InfoTableViewController.swift in Sources */ = {isa = PBXBuildFile; fileRef = 7FCB10D822A2019100CBAB03 /* InfoTableViewController.swift */; };
		7FE0080E2295DFF100907D71 /* iCarousel.m in Sources */ = {isa = PBXBuildFile; fileRef = 7FE0080D2295DFF100907D71 /* iCarousel.m */; };
		7FE0080F2295E28300907D71 /* Makeup Roulette-Bridging-Header.h in Sources */ = {isa = PBXBuildFile; fileRef = 7F2BF7872256E43B00C909E2 /* Makeup Roulette-Bridging-Header.h */; };
		8EE712981BF4BA886A588FA9 /* Pods_Cos_Roulette.framework in Frameworks */ = {isa = PBXBuildFile; fileRef = 14DC36F2AB3ADC5CE51C3A4D /* Pods_Cos_Roulette.framework */; };
/* End PBXBuildFile section */

/* Begin PBXFileReference section */
		14DC36F2AB3ADC5CE51C3A4D /* Pods_Cos_Roulette.framework */ = {isa = PBXFileReference; explicitFileType = wrapper.framework; includeInIndex = 0; path = Pods_Cos_Roulette.framework; sourceTree = BUILT_PRODUCTS_DIR; };
		4E34071FB934B4FC25E7D139 /* Pods-Cos Roulette.debug.xcconfig */ = {isa = PBXFileReference; includeInIndex = 1; lastKnownFileType = text.xcconfig; name = "Pods-Cos Roulette.debug.xcconfig"; path = "Target Support Files/Pods-Cos Roulette/Pods-Cos Roulette.debug.xcconfig"; sourceTree = "<group>"; };
		7F023737224B22070054449E /* FilterCell.swift */ = {isa = PBXFileReference; lastKnownFileType = sourcecode.swift; path = FilterCell.swift; sourceTree = "<group>"; };
		7F1671A1229302C3001EFB66 /* BookmarkStore.swift */ = {isa = PBXFileReference; lastKnownFileType = sourcecode.swift; path = BookmarkStore.swift; sourceTree = "<group>"; };
		7F1671A322932F18001EFB66 /* BookmarkCell.swift */ = {isa = PBXFileReference; lastKnownFileType = sourcecode.swift; path = BookmarkCell.swift; sourceTree = "<group>"; };
		7F1671A522932F66001EFB66 /* BookmarksTableViewController.swift */ = {isa = PBXFileReference; lastKnownFileType = sourcecode.swift; path = BookmarksTableViewController.swift; sourceTree = "<group>"; };
		7F1ACA3822A5B58B004D5272 /* EndPointType.swift */ = {isa = PBXFileReference; lastKnownFileType = sourcecode.swift; path = EndPointType.swift; sourceTree = SOURCE_ROOT; };
		7F1ACA3C22A5B5DB004D5272 /* HTTPMethod.swift */ = {isa = PBXFileReference; lastKnownFileType = sourcecode.swift; path = HTTPMethod.swift; sourceTree = SOURCE_ROOT; };
		7F1ACA3E22A5B5F7004D5272 /* NetworkLogger.swift */ = {isa = PBXFileReference; lastKnownFileType = sourcecode.swift; path = NetworkLogger.swift; sourceTree = SOURCE_ROOT; };
		7F1ACA4022A5B620004D5272 /* Router.swift */ = {isa = PBXFileReference; lastKnownFileType = sourcecode.swift; path = Router.swift; sourceTree = SOURCE_ROOT; };
		7F1ACA4222A5B66F004D5272 /* NetworkRouter.swift */ = {isa = PBXFileReference; lastKnownFileType = sourcecode.swift; path = NetworkRouter.swift; sourceTree = SOURCE_ROOT; };
		7F1ACA4422A5B6AC004D5272 /* HTTPTask.swift */ = {isa = PBXFileReference; lastKnownFileType = sourcecode.swift; path = HTTPTask.swift; sourceTree = SOURCE_ROOT; };
		7F2BF7872256E43B00C909E2 /* Makeup Roulette-Bridging-Header.h */ = {isa = PBXFileReference; lastKnownFileType = sourcecode.c.h; path = "Makeup Roulette-Bridging-Header.h"; sourceTree = "<group>"; };
		7F2BF78F2256F9DE00C909E2 /* QuartzCore.framework */ = {isa = PBXFileReference; lastKnownFileType = wrapper.framework; name = QuartzCore.framework; path = System/Library/Frameworks/QuartzCore.framework; sourceTree = SDKROOT; };
		7F73F701222D6F7E00D19C03 /* Cos Roulette.app */ = {isa = PBXFileReference; explicitFileType = wrapper.application; includeInIndex = 0; path = "Cos Roulette.app"; sourceTree = BUILT_PRODUCTS_DIR; };
		7F73F704222D6F7F00D19C03 /* AppDelegate.swift */ = {isa = PBXFileReference; lastKnownFileType = sourcecode.swift; path = AppDelegate.swift; sourceTree = "<group>"; };
		7F73F706222D6F7F00D19C03 /* ViewController.swift */ = {isa = PBXFileReference; lastKnownFileType = sourcecode.swift; path = ViewController.swift; sourceTree = "<group>"; };
		7F73F709222D6F7F00D19C03 /* Base */ = {isa = PBXFileReference; lastKnownFileType = file.storyboard; name = Base; path = Base.lproj/Main.storyboard; sourceTree = "<group>"; };
		7F73F70B222D6F8000D19C03 /* Assets.xcassets */ = {isa = PBXFileReference; lastKnownFileType = folder.assetcatalog; path = Assets.xcassets; sourceTree = "<group>"; };
		7F73F70E222D6F8000D19C03 /* Base */ = {isa = PBXFileReference; lastKnownFileType = file.storyboard; name = Base; path = Base.lproj/LaunchScreen.storyboard; sourceTree = "<group>"; };
		7F73F710222D6F8000D19C03 /* Info.plist */ = {isa = PBXFileReference; lastKnownFileType = text.plist.xml; path = Info.plist; sourceTree = "<group>"; };
		7F73F71B222D78A300D19C03 /* ParameterEncoding.swift */ = {isa = PBXFileReference; lastKnownFileType = sourcecode.swift; path = ParameterEncoding.swift; sourceTree = "<group>"; };
		7F73F71D222D78CD00D19C03 /* URLParameterEncoder.swift */ = {isa = PBXFileReference; lastKnownFileType = sourcecode.swift; path = URLParameterEncoder.swift; sourceTree = "<group>"; };
		7F73F71F222D78E800D19C03 /* JSONParameterEncoder.swift */ = {isa = PBXFileReference; lastKnownFileType = sourcecode.swift; path = JSONParameterEncoder.swift; sourceTree = "<group>"; };
		7F7C2FBB2290DA0600C93FED /* BookmarkDBHelper.swift */ = {isa = PBXFileReference; lastKnownFileType = sourcecode.swift; path = BookmarkDBHelper.swift; sourceTree = "<group>"; };
		7F7C2FBD2290FC5500C93FED /* Bookmark.swift */ = {isa = PBXFileReference; lastKnownFileType = sourcecode.swift; path = Bookmark.swift; sourceTree = "<group>"; };
		7F95D392223327B600CAE838 /* NetworkManager.swift */ = {isa = PBXFileReference; lastKnownFileType = sourcecode.swift; path = NetworkManager.swift; sourceTree = "<group>"; };
		7F95D395223327F300CAE838 /* YouTubeEndPoint.swift */ = {isa = PBXFileReference; lastKnownFileType = sourcecode.swift; path = YouTubeEndPoint.swift; sourceTree = "<group>"; };
		7F95D39822332E4800CAE838 /* YouTube.swift */ = {isa = PBXFileReference; lastKnownFileType = sourcecode.swift; path = YouTube.swift; sourceTree = "<group>"; };
		7FCB10D822A2019100CBAB03 /* InfoTableViewController.swift */ = {isa = PBXFileReference; lastKnownFileType = sourcecode.swift; path = InfoTableViewController.swift; sourceTree = "<group>"; };
		7FE0080C2295DFF100907D71 /* iCarousel.h */ = {isa = PBXFileReference; lastKnownFileType = sourcecode.c.h; path = iCarousel.h; sourceTree = "<group>"; };
		7FE0080D2295DFF100907D71 /* iCarousel.m */ = {isa = PBXFileReference; lastKnownFileType = sourcecode.c.objc; path = iCarousel.m; sourceTree = "<group>"; };
		A07D9B0B48FEC95E758F339B /* Pods-Cos Roulette.release.xcconfig */ = {isa = PBXFileReference; includeInIndex = 1; lastKnownFileType = text.xcconfig; name = "Pods-Cos Roulette.release.xcconfig"; path = "Target Support Files/Pods-Cos Roulette/Pods-Cos Roulette.release.xcconfig"; sourceTree = "<group>"; };
/* End PBXFileReference section */

/* Begin PBXFrameworksBuildPhase section */
		7F73F6FE222D6F7E00D19C03 /* Frameworks */ = {
			isa = PBXFrameworksBuildPhase;
			buildActionMask = 2147483647;
			files = (
				7F2BF7902256F9DE00C909E2 /* QuartzCore.framework in Frameworks */,
				8EE712981BF4BA886A588FA9 /* Pods_Cos_Roulette.framework in Frameworks */,
			);
			runOnlyForDeploymentPostprocessing = 0;
		};
/* End PBXFrameworksBuildPhase section */

/* Begin PBXGroup section */
		02766CEC274E64949E47CC6B /* Frameworks */ = {
			isa = PBXGroup;
			children = (
				7F2BF78F2256F9DE00C909E2 /* QuartzCore.framework */,
				14DC36F2AB3ADC5CE51C3A4D /* Pods_Cos_Roulette.framework */,
			);
			name = Frameworks;
			sourceTree = "<group>";
		};
		329A209540A0FCBCFD940338 /* Pods */ = {
			isa = PBXGroup;
			children = (
				4E34071FB934B4FC25E7D139 /* Pods-Cos Roulette.debug.xcconfig */,
				A07D9B0B48FEC95E758F339B /* Pods-Cos Roulette.release.xcconfig */,
			);
			path = Pods;
			sourceTree = "<group>";
		};
		7F73F6F8222D6F7E00D19C03 = {
			isa = PBXGroup;
			children = (
				7F73F703222D6F7E00D19C03 /* Cos Roulette */,
				7F73F702222D6F7E00D19C03 /* Products */,
				02766CEC274E64949E47CC6B /* Frameworks */,
				329A209540A0FCBCFD940338 /* Pods */,
			);
			sourceTree = "<group>";
		};
		7F73F702222D6F7E00D19C03 /* Products */ = {
			isa = PBXGroup;
			children = (
				7F73F701222D6F7E00D19C03 /* Cos Roulette.app */,
			);
			name = Products;
			sourceTree = "<group>";
		};
		7F73F703222D6F7E00D19C03 /* Cos Roulette */ = {
			isa = PBXGroup;
			children = (
				7F2BF7872256E43B00C909E2 /* Makeup Roulette-Bridging-Header.h */,
				7FE0080C2295DFF100907D71 /* iCarousel.h */,
				7FE0080D2295DFF100907D71 /* iCarousel.m */,
				7F7C2FBB2290DA0600C93FED /* BookmarkDBHelper.swift */,
				7F95D3972233281800CAE838 /* Model */,
				7F73F716222D77DA00D19C03 /* Networking */,
				7F73F704222D6F7F00D19C03 /* AppDelegate.swift */,
				7F73F706222D6F7F00D19C03 /* ViewController.swift */,
				7F1671A322932F18001EFB66 /* BookmarkCell.swift */,
				7F1671A522932F66001EFB66 /* BookmarksTableViewController.swift */,
				7F73F708222D6F7F00D19C03 /* Main.storyboard */,
				7F73F70B222D6F8000D19C03 /* Assets.xcassets */,
				7F73F70D222D6F8000D19C03 /* LaunchScreen.storyboard */,
				7F73F710222D6F8000D19C03 /* Info.plist */,
				7F023737224B22070054449E /* FilterCell.swift */,
				7F1671A1229302C3001EFB66 /* BookmarkStore.swift */,
				7FCB10D822A2019100CBAB03 /* InfoTableViewController.swift */,
			);
			path = "Cos Roulette";
			sourceTree = "<group>";
		};
		7F73F716222D77DA00D19C03 /* Networking */ = {
			isa = PBXGroup;
			children = (
				7F95D394223327DE00CAE838 /* EndPoint */,
				7F95D3912233279A00CAE838 /* Manager */,
				7F95D3852233265D00CAE838 /* Service */,
				7F73F71A222D780800D19C03 /* Encoding */,
			);
			path = Networking;
			sourceTree = "<group>";
		};
		7F73F71A222D780800D19C03 /* Encoding */ = {
			isa = PBXGroup;
			children = (
				7F73F71B222D78A300D19C03 /* ParameterEncoding.swift */,
				7F73F71D222D78CD00D19C03 /* URLParameterEncoder.swift */,
				7F73F71F222D78E800D19C03 /* JSONParameterEncoder.swift */,
			);
			path = Encoding;
			sourceTree = "<group>";
		};
		7F95D3852233265D00CAE838 /* Service */ = {
			isa = PBXGroup;
			children = (
				7F1ACA3822A5B58B004D5272 /* EndPointType.swift */,
				7F1ACA3C22A5B5DB004D5272 /* HTTPMethod.swift */,
				7F1ACA3E22A5B5F7004D5272 /* NetworkLogger.swift */,
				7F1ACA4022A5B620004D5272 /* Router.swift */,
				7F1ACA4222A5B66F004D5272 /* NetworkRouter.swift */,
				7F1ACA4422A5B6AC004D5272 /* HTTPTask.swift */,
			);
			name = Service;
			path = "/Volumes/Untitled/Development/ios/MakeupRoulette-ios/Makeup Roulette/Networking/Service";
			sourceTree = "<absolute>";
		};
		7F95D3912233279A00CAE838 /* Manager */ = {
			isa = PBXGroup;
			children = (
				7F95D392223327B600CAE838 /* NetworkManager.swift */,
			);
			path = Manager;
			sourceTree = "<group>";
		};
		7F95D394223327DE00CAE838 /* EndPoint */ = {
			isa = PBXGroup;
			children = (
				7F95D395223327F300CAE838 /* YouTubeEndPoint.swift */,
			);
			path = EndPoint;
			sourceTree = "<group>";
		};
		7F95D3972233281800CAE838 /* Model */ = {
			isa = PBXGroup;
			children = (
				7F7C2FBD2290FC5500C93FED /* Bookmark.swift */,
				7F95D39822332E4800CAE838 /* YouTube.swift */,
			);
			path = Model;
			sourceTree = "<group>";
		};
/* End PBXGroup section */

/* Begin PBXNativeTarget section */
		7F73F700222D6F7E00D19C03 /* Cos Roulette */ = {
			isa = PBXNativeTarget;
			buildConfigurationList = 7F73F713222D6F8000D19C03 /* Build configuration list for PBXNativeTarget "Cos Roulette" */;
			buildPhases = (
				6D93278C24E70CFE5177F682 /* [CP] Check Pods Manifest.lock */,
				7F73F6FD222D6F7E00D19C03 /* Sources */,
				7F73F6FE222D6F7E00D19C03 /* Frameworks */,
				7F73F6FF222D6F7E00D19C03 /* Resources */,
				A54A3C0AD49EF07B49898D45 /* [CP] Embed Pods Frameworks */,
			);
			buildRules = (
			);
			dependencies = (
			);
			name = "Cos Roulette";
			productName = "Makeup Roulette";
			productReference = 7F73F701222D6F7E00D19C03 /* Cos Roulette.app */;
			productType = "com.apple.product-type.application";
		};
/* End PBXNativeTarget section */

/* Begin PBXProject section */
		7F73F6F9222D6F7E00D19C03 /* Project object */ = {
			isa = PBXProject;
			attributes = {
				LastSwiftUpdateCheck = 1010;
				LastUpgradeCheck = 1010;
				ORGANIZATIONNAME = "Cortland Walker";
				TargetAttributes = {
					7F73F700222D6F7E00D19C03 = {
						CreatedOnToolsVersion = 10.1;
						LastSwiftMigration = 1010;
					};
				};
			};
			buildConfigurationList = 7F73F6FC222D6F7E00D19C03 /* Build configuration list for PBXProject "Cos Roulette" */;
			compatibilityVersion = "Xcode 9.3";
			developmentRegion = en;
			hasScannedForEncodings = 0;
			knownRegions = (
				en,
				Base,
			);
			mainGroup = 7F73F6F8222D6F7E00D19C03;
			productRefGroup = 7F73F702222D6F7E00D19C03 /* Products */;
			projectDirPath = "";
			projectRoot = "";
			targets = (
				7F73F700222D6F7E00D19C03 /* Cos Roulette */,
			);
		};
/* End PBXProject section */

/* Begin PBXResourcesBuildPhase section */
		7F73F6FF222D6F7E00D19C03 /* Resources */ = {
			isa = PBXResourcesBuildPhase;
			buildActionMask = 2147483647;
			files = (
				7F73F70F222D6F8000D19C03 /* LaunchScreen.storyboard in Resources */,
				7F73F70C222D6F8000D19C03 /* Assets.xcassets in Resources */,
				7F73F70A222D6F7F00D19C03 /* Main.storyboard in Resources */,
			);
			runOnlyForDeploymentPostprocessing = 0;
		};
/* End PBXResourcesBuildPhase section */

/* Begin PBXShellScriptBuildPhase section */
		6D93278C24E70CFE5177F682 /* [CP] Check Pods Manifest.lock */ = {
			isa = PBXShellScriptBuildPhase;
			buildActionMask = 2147483647;
			files = (
			);
			inputFileListPaths = (
			);
			inputPaths = (
				"${PODS_PODFILE_DIR_PATH}/Podfile.lock",
				"${PODS_ROOT}/Manifest.lock",
			);
			name = "[CP] Check Pods Manifest.lock";
			outputFileListPaths = (
			);
			outputPaths = (
				"$(DERIVED_FILE_DIR)/Pods-Cos Roulette-checkManifestLockResult.txt",
			);
			runOnlyForDeploymentPostprocessing = 0;
			shellPath = /bin/sh;
			shellScript = "diff \"${PODS_PODFILE_DIR_PATH}/Podfile.lock\" \"${PODS_ROOT}/Manifest.lock\" > /dev/null\nif [ $? != 0 ] ; then\n    # print error to STDERR\n    echo \"error: The sandbox is not in sync with the Podfile.lock. Run 'pod install' or update your CocoaPods installation.\" >&2\n    exit 1\nfi\n# This output is used by Xcode 'outputs' to avoid re-running this script phase.\necho \"SUCCESS\" > \"${SCRIPT_OUTPUT_FILE_0}\"\n";
			showEnvVarsInLog = 0;
		};
		A54A3C0AD49EF07B49898D45 /* [CP] Embed Pods Frameworks */ = {
			isa = PBXShellScriptBuildPhase;
			buildActionMask = 2147483647;
			files = (
			);
			inputFileListPaths = (
				"${PODS_ROOT}/Target Support Files/Pods-Cos Roulette/Pods-Cos Roulette-frameworks-${CONFIGURATION}-input-files.xcfilelist",
			);
			name = "[CP] Embed Pods Frameworks";
			outputFileListPaths = (
				"${PODS_ROOT}/Target Support Files/Pods-Cos Roulette/Pods-Cos Roulette-frameworks-${CONFIGURATION}-output-files.xcfilelist",
			);
			runOnlyForDeploymentPostprocessing = 0;
			shellPath = /bin/sh;
			shellScript = "\"${PODS_ROOT}/Target Support Files/Pods-Cos Roulette/Pods-Cos Roulette-frameworks.sh\"\n";
			showEnvVarsInLog = 0;
		};
/* End PBXShellScriptBuildPhase section */

/* Begin PBXSourcesBuildPhase section */
		7F73F6FD222D6F7E00D19C03 /* Sources */ = {
			isa = PBXSourcesBuildPhase;
			buildActionMask = 2147483647;
			files = (
				7FE0080F2295E28300907D71 /* Makeup Roulette-Bridging-Header.h in Sources */,
				7FCB10D922A2019100CBAB03 /* InfoTableViewController.swift in Sources */,
				7F1ACA4322A5B66F004D5272 /* NetworkRouter.swift in Sources */,
				7F73F720222D78E800D19C03 /* JSONParameterEncoder.swift in Sources */,
				7F95D39922332E4800CAE838 /* YouTube.swift in Sources */,
				7F73F71E222D78CD00D19C03 /* URLParameterEncoder.swift in Sources */,
				7F023738224B22070054449E /* FilterCell.swift in Sources */,
				7F1671A622932F66001EFB66 /* BookmarksTableViewController.swift in Sources */,
				7F95D393223327B600CAE838 /* NetworkManager.swift in Sources */,
				7F7C2FBC2290DA0600C93FED /* BookmarkDBHelper.swift in Sources */,
				7F1671A2229302C3001EFB66 /* BookmarkStore.swift in Sources */,
				7F73F71C222D78A300D19C03 /* ParameterEncoding.swift in Sources */,
				7F1ACA4522A5B6AC004D5272 /* HTTPTask.swift in Sources */,
				7F73F707222D6F7F00D19C03 /* ViewController.swift in Sources */,
				7FE0080E2295DFF100907D71 /* iCarousel.m in Sources */,
				7F95D396223327F300CAE838 /* YouTubeEndPoint.swift in Sources */,
				7F1ACA4122A5B620004D5272 /* Router.swift in Sources */,
				7F1671A422932F18001EFB66 /* BookmarkCell.swift in Sources */,
				7F73F705222D6F7F00D19C03 /* AppDelegate.swift in Sources */,
				7F1ACA3D22A5B5DB004D5272 /* HTTPMethod.swift in Sources */,
				7F1ACA3F22A5B5F7004D5272 /* NetworkLogger.swift in Sources */,
				7F1ACA3922A5B58B004D5272 /* EndPointType.swift in Sources */,
				7F7C2FBE2290FC5500C93FED /* Bookmark.swift in Sources */,
			);
			runOnlyForDeploymentPostprocessing = 0;
		};
/* End PBXSourcesBuildPhase section */

/* Begin PBXVariantGroup section */
		7F73F708222D6F7F00D19C03 /* Main.storyboard */ = {
			isa = PBXVariantGroup;
			children = (
				7F73F709222D6F7F00D19C03 /* Base */,
			);
			name = Main.storyboard;
			sourceTree = "<group>";
		};
		7F73F70D222D6F8000D19C03 /* LaunchScreen.storyboard */ = {
			isa = PBXVariantGroup;
			children = (
				7F73F70E222D6F8000D19C03 /* Base */,
			);
			name = LaunchScreen.storyboard;
			sourceTree = "<group>";
		};
/* End PBXVariantGroup section */

/* Begin XCBuildConfiguration section */
		7F73F711222D6F8000D19C03 /* Debug */ = {
			isa = XCBuildConfiguration;
			buildSettings = {
				ALWAYS_SEARCH_USER_PATHS = NO;
				CLANG_ANALYZER_NONNULL = YES;
				CLANG_ANALYZER_NUMBER_OBJECT_CONVERSION = YES_AGGRESSIVE;
				CLANG_CXX_LANGUAGE_STANDARD = "gnu++14";
				CLANG_CXX_LIBRARY = "libc++";
				CLANG_ENABLE_MODULES = YES;
				CLANG_ENABLE_OBJC_ARC = YES;
				CLANG_ENABLE_OBJC_WEAK = YES;
				CLANG_WARN_BLOCK_CAPTURE_AUTORELEASING = YES;
				CLANG_WARN_BOOL_CONVERSION = YES;
				CLANG_WARN_COMMA = YES;
				CLANG_WARN_CONSTANT_CONVERSION = YES;
				CLANG_WARN_DEPRECATED_OBJC_IMPLEMENTATIONS = YES;
				CLANG_WARN_DIRECT_OBJC_ISA_USAGE = YES_ERROR;
				CLANG_WARN_DOCUMENTATION_COMMENTS = YES;
				CLANG_WARN_EMPTY_BODY = YES;
				CLANG_WARN_ENUM_CONVERSION = YES;
				CLANG_WARN_INFINITE_RECURSION = YES;
				CLANG_WARN_INT_CONVERSION = YES;
				CLANG_WARN_NON_LITERAL_NULL_CONVERSION = YES;
				CLANG_WARN_OBJC_IMPLICIT_RETAIN_SELF = YES;
				CLANG_WARN_OBJC_LITERAL_CONVERSION = YES;
				CLANG_WARN_OBJC_ROOT_CLASS = YES_ERROR;
				CLANG_WARN_RANGE_LOOP_ANALYSIS = YES;
				CLANG_WARN_STRICT_PROTOTYPES = YES;
				CLANG_WARN_SUSPICIOUS_MOVE = YES;
				CLANG_WARN_UNGUARDED_AVAILABILITY = YES_AGGRESSIVE;
				CLANG_WARN_UNREACHABLE_CODE = YES;
				CLANG_WARN__DUPLICATE_METHOD_MATCH = YES;
				CODE_SIGN_IDENTITY = "iPhone Developer";
				COPY_PHASE_STRIP = NO;
				DEBUG_INFORMATION_FORMAT = dwarf;
				ENABLE_STRICT_OBJC_MSGSEND = YES;
				ENABLE_TESTABILITY = YES;
				GCC_C_LANGUAGE_STANDARD = gnu11;
				GCC_DYNAMIC_NO_PIC = NO;
				GCC_NO_COMMON_BLOCKS = YES;
				GCC_OPTIMIZATION_LEVEL = 0;
				GCC_PREPROCESSOR_DEFINITIONS = (
					"DEBUG=1",
					"$(inherited)",
				);
				GCC_WARN_64_TO_32_BIT_CONVERSION = YES;
				GCC_WARN_ABOUT_RETURN_TYPE = YES_ERROR;
				GCC_WARN_UNDECLARED_SELECTOR = YES;
				GCC_WARN_UNINITIALIZED_AUTOS = YES_AGGRESSIVE;
				GCC_WARN_UNUSED_FUNCTION = YES;
				GCC_WARN_UNUSED_VARIABLE = YES;
				IPHONEOS_DEPLOYMENT_TARGET = 12.1;
				MTL_ENABLE_DEBUG_INFO = INCLUDE_SOURCE;
				MTL_FAST_MATH = YES;
				ONLY_ACTIVE_ARCH = YES;
				SDKROOT = iphoneos;
				SWIFT_ACTIVE_COMPILATION_CONDITIONS = DEBUG;
				SWIFT_OBJC_BRIDGING_HEADER = "";
				SWIFT_OPTIMIZATION_LEVEL = "-Onone";
			};
			name = Debug;
		};
		7F73F712222D6F8000D19C03 /* Release */ = {
			isa = XCBuildConfiguration;
			buildSettings = {
				ALWAYS_SEARCH_USER_PATHS = NO;
				CLANG_ANALYZER_NONNULL = YES;
				CLANG_ANALYZER_NUMBER_OBJECT_CONVERSION = YES_AGGRESSIVE;
				CLANG_CXX_LANGUAGE_STANDARD = "gnu++14";
				CLANG_CXX_LIBRARY = "libc++";
				CLANG_ENABLE_MODULES = YES;
				CLANG_ENABLE_OBJC_ARC = YES;
				CLANG_ENABLE_OBJC_WEAK = YES;
				CLANG_WARN_BLOCK_CAPTURE_AUTORELEASING = YES;
				CLANG_WARN_BOOL_CONVERSION = YES;
				CLANG_WARN_COMMA = YES;
				CLANG_WARN_CONSTANT_CONVERSION = YES;
				CLANG_WARN_DEPRECATED_OBJC_IMPLEMENTATIONS = YES;
				CLANG_WARN_DIRECT_OBJC_ISA_USAGE = YES_ERROR;
				CLANG_WARN_DOCUMENTATION_COMMENTS = YES;
				CLANG_WARN_EMPTY_BODY = YES;
				CLANG_WARN_ENUM_CONVERSION = YES;
				CLANG_WARN_INFINITE_RECURSION = YES;
				CLANG_WARN_INT_CONVERSION = YES;
				CLANG_WARN_NON_LITERAL_NULL_CONVERSION = YES;
				CLANG_WARN_OBJC_IMPLICIT_RETAIN_SELF = YES;
				CLANG_WARN_OBJC_LITERAL_CONVERSION = YES;
				CLANG_WARN_OBJC_ROOT_CLASS = YES_ERROR;
				CLANG_WARN_RANGE_LOOP_ANALYSIS = YES;
				CLANG_WARN_STRICT_PROTOTYPES = YES;
				CLANG_WARN_SUSPICIOUS_MOVE = YES;
				CLANG_WARN_UNGUARDED_AVAILABILITY = YES_AGGRESSIVE;
				CLANG_WARN_UNREACHABLE_CODE = YES;
				CLANG_WARN__DUPLICATE_METHOD_MATCH = YES;
				CODE_SIGN_IDENTITY = "iPhone Developer";
				COPY_PHASE_STRIP = NO;
				DEBUG_INFORMATION_FORMAT = "dwarf-with-dsym";
				ENABLE_NS_ASSERTIONS = NO;
				ENABLE_STRICT_OBJC_MSGSEND = YES;
				GCC_C_LANGUAGE_STANDARD = gnu11;
				GCC_NO_COMMON_BLOCKS = YES;
				GCC_WARN_64_TO_32_BIT_CONVERSION = YES;
				GCC_WARN_ABOUT_RETURN_TYPE = YES_ERROR;
				GCC_WARN_UNDECLARED_SELECTOR = YES;
				GCC_WARN_UNINITIALIZED_AUTOS = YES_AGGRESSIVE;
				GCC_WARN_UNUSED_FUNCTION = YES;
				GCC_WARN_UNUSED_VARIABLE = YES;
				IPHONEOS_DEPLOYMENT_TARGET = 12.1;
				MTL_ENABLE_DEBUG_INFO = NO;
				MTL_FAST_MATH = YES;
				SDKROOT = iphoneos;
				SWIFT_COMPILATION_MODE = wholemodule;
				SWIFT_OBJC_BRIDGING_HEADER = "";
				SWIFT_OPTIMIZATION_LEVEL = "-O";
				VALIDATE_PRODUCT = YES;
			};
			name = Release;
		};
		7F73F714222D6F8000D19C03 /* Debug */ = {
			isa = XCBuildConfiguration;
			baseConfigurationReference = 4E34071FB934B4FC25E7D139 /* Pods-Cos Roulette.debug.xcconfig */;
			buildSettings = {
				ASSETCATALOG_COMPILER_APPICON_NAME = AppIcon;
				CLANG_ENABLE_MODULES = YES;
				CODE_SIGN_IDENTITY = "iPhone Developer";
				CODE_SIGN_STYLE = Automatic;
				DEVELOPMENT_TEAM = YUED9C4RF4;
				INFOPLIST_FILE = "Cos Roulette/Info.plist";
				LD_RUNPATH_SEARCH_PATHS = (
					"$(inherited)",
					"@executable_path/Frameworks",
				);
				PRODUCT_BUNDLE_IDENTIFIER = cosroulette.com.ios;
				PRODUCT_NAME = "$(TARGET_NAME)";
				PROVISIONING_PROFILE_SPECIFIER = "";
				SWIFT_OBJC_BRIDGING_HEADER = "$(PROJECT_NAME)/Makeup Roulette-Bridging-Header.h";
				SWIFT_OPTIMIZATION_LEVEL = "-Onone";
				SWIFT_VERSION = 4.2;
				TARGETED_DEVICE_FAMILY = "1,2";
			};
			name = Debug;
		};
		7F73F715222D6F8000D19C03 /* Release */ = {
			isa = XCBuildConfiguration;
			baseConfigurationReference = A07D9B0B48FEC95E758F339B /* Pods-Cos Roulette.release.xcconfig */;
			buildSettings = {
				ASSETCATALOG_COMPILER_APPICON_NAME = AppIcon;
				CLANG_ENABLE_MODULES = YES;
				CODE_SIGN_IDENTITY = "iPhone Developer";
				CODE_SIGN_STYLE = Automatic;
				DEVELOPMENT_TEAM = YUED9C4RF4;
				INFOPLIST_FILE = "Cos Roulette/Info.plist";
				LD_RUNPATH_SEARCH_PATHS = (
					"$(inherited)",
					"@executable_path/Frameworks",
				);
				PRODUCT_BUNDLE_IDENTIFIER = cosroulette.com.ios;
				PRODUCT_NAME = "$(TARGET_NAME)";
				PROVISIONING_PROFILE_SPECIFIER = "";
				SWIFT_COMPILATION_MODE = wholemodule;
				SWIFT_OBJC_BRIDGING_HEADER = "$(PROJECT_NAME)/Makeup Roulette-Bridging-Header.h";
				SWIFT_VERSION = 4.2;
				TARGETED_DEVICE_FAMILY = "1,2";
			};
			name = Release;
		};
/* End XCBuildConfiguration section */

/* Begin XCConfigurationList section */
		7F73F6FC222D6F7E00D19C03 /* Build configuration list for PBXProject "Cos Roulette" */ = {
			isa = XCConfigurationList;
			buildConfigurations = (
				7F73F711222D6F8000D19C03 /* Debug */,
				7F73F712222D6F8000D19C03 /* Release */,
			);
			defaultConfigurationIsVisible = 0;
			defaultConfigurationName = Release;
		};
		7F73F713222D6F8000D19C03 /* Build configuration list for PBXNativeTarget "Cos Roulette" */ = {
			isa = XCConfigurationList;
			buildConfigurations = (
				7F73F714222D6F8000D19C03 /* Debug */,
				7F73F715222D6F8000D19C03 /* Release */,
			);
			defaultConfigurationIsVisible = 0;
			defaultConfigurationName = Release;
		};
/* End XCConfigurationList section */
	};
	rootObject = 7F73F6F9222D6F7E00D19C03 /* Project object */;
}
