// !$*UTF8*$!
{
	archiveVersion = 1;
	classes = {
	};
	objectVersion = 50;
	objects = {

/* Begin PBXBuildFile section */
		7F73F705222D6F7F00D19C03 /* AppDelegate.swift in Sources */ = {isa = PBXBuildFile; fileRef = 7F73F704222D6F7F00D19C03 /* AppDelegate.swift */; };
		7F73F707222D6F7F00D19C03 /* ViewController.swift in Sources */ = {isa = PBXBuildFile; fileRef = 7F73F706222D6F7F00D19C03 /* ViewController.swift */; };
		7F73F70A222D6F7F00D19C03 /* Main.storyboard in Resources */ = {isa = PBXBuildFile; fileRef = 7F73F708222D6F7F00D19C03 /* Main.storyboard */; };
		7F73F70C222D6F8000D19C03 /* Assets.xcassets in Resources */ = {isa = PBXBuildFile; fileRef = 7F73F70B222D6F8000D19C03 /* Assets.xcassets */; };
		7F73F70F222D6F8000D19C03 /* LaunchScreen.storyboard in Resources */ = {isa = PBXBuildFile; fileRef = 7F73F70D222D6F8000D19C03 /* LaunchScreen.storyboard */; };
		7F73F71C222D78A300D19C03 /* ParameterEncoding.swift in Sources */ = {isa = PBXBuildFile; fileRef = 7F73F71B222D78A300D19C03 /* ParameterEncoding.swift */; };
		7F73F71E222D78CD00D19C03 /* URLParameterEncoder.swift in Sources */ = {isa = PBXBuildFile; fileRef = 7F73F71D222D78CD00D19C03 /* URLParameterEncoder.swift */; };
		7F73F720222D78E800D19C03 /* JSONParameterEncoder.swift in Sources */ = {isa = PBXBuildFile; fileRef = 7F73F71F222D78E800D19C03 /* JSONParameterEncoder.swift */; };
		7F95D387223326F600CAE838 /* EndPointType.swift in Sources */ = {isa = PBXBuildFile; fileRef = 7F95D386223326F600CAE838 /* EndPointType.swift */; };
		7F95D3892233271900CAE838 /* HTTPMethod.swift in Sources */ = {isa = PBXBuildFile; fileRef = 7F95D3882233271900CAE838 /* HTTPMethod.swift */; };
		7F95D38B2233273500CAE838 /* HTTPTask.swift in Sources */ = {isa = PBXBuildFile; fileRef = 7F95D38A2233273500CAE838 /* HTTPTask.swift */; };
		7F95D38D2233274E00CAE838 /* NetworkRouter.swift in Sources */ = {isa = PBXBuildFile; fileRef = 7F95D38C2233274E00CAE838 /* NetworkRouter.swift */; };
		7F95D38F2233276600CAE838 /* Router.swift in Sources */ = {isa = PBXBuildFile; fileRef = 7F95D38E2233276600CAE838 /* Router.swift */; };
		7F95D393223327B600CAE838 /* NetworkManager.swift in Sources */ = {isa = PBXBuildFile; fileRef = 7F95D392223327B600CAE838 /* NetworkManager.swift */; };
		7F95D396223327F300CAE838 /* YouTubeEndPoint.swift in Sources */ = {isa = PBXBuildFile; fileRef = 7F95D395223327F300CAE838 /* YouTubeEndPoint.swift */; };
		7F95D39922332E4800CAE838 /* YouTube.swift in Sources */ = {isa = PBXBuildFile; fileRef = 7F95D39822332E4800CAE838 /* YouTube.swift */; };
		7FBF07BD2236C38C00E14C34 /* NetworkLogger.swift in Sources */ = {isa = PBXBuildFile; fileRef = 7FBF07BC2236C38C00E14C34 /* NetworkLogger.swift */; };
/* End PBXBuildFile section */

/* Begin PBXFileReference section */
		7F73F701222D6F7E00D19C03 /* Makeup Roulette.app */ = {isa = PBXFileReference; explicitFileType = wrapper.application; includeInIndex = 0; path = "Makeup Roulette.app"; sourceTree = BUILT_PRODUCTS_DIR; };
		7F73F704222D6F7F00D19C03 /* AppDelegate.swift */ = {isa = PBXFileReference; lastKnownFileType = sourcecode.swift; path = AppDelegate.swift; sourceTree = "<group>"; };
		7F73F706222D6F7F00D19C03 /* ViewController.swift */ = {isa = PBXFileReference; lastKnownFileType = sourcecode.swift; path = ViewController.swift; sourceTree = "<group>"; };
		7F73F709222D6F7F00D19C03 /* Base */ = {isa = PBXFileReference; lastKnownFileType = file.storyboard; name = Base; path = Base.lproj/Main.storyboard; sourceTree = "<group>"; };
		7F73F70B222D6F8000D19C03 /* Assets.xcassets */ = {isa = PBXFileReference; lastKnownFileType = folder.assetcatalog; path = Assets.xcassets; sourceTree = "<group>"; };
		7F73F70E222D6F8000D19C03 /* Base */ = {isa = PBXFileReference; lastKnownFileType = file.storyboard; name = Base; path = Base.lproj/LaunchScreen.storyboard; sourceTree = "<group>"; };
		7F73F710222D6F8000D19C03 /* Info.plist */ = {isa = PBXFileReference; lastKnownFileType = text.plist.xml; path = Info.plist; sourceTree = "<group>"; };
		7F73F71B222D78A300D19C03 /* ParameterEncoding.swift */ = {isa = PBXFileReference; lastKnownFileType = sourcecode.swift; path = ParameterEncoding.swift; sourceTree = "<group>"; };
		7F73F71D222D78CD00D19C03 /* URLParameterEncoder.swift */ = {isa = PBXFileReference; lastKnownFileType = sourcecode.swift; path = URLParameterEncoder.swift; sourceTree = "<group>"; };
		7F73F71F222D78E800D19C03 /* JSONParameterEncoder.swift */ = {isa = PBXFileReference; lastKnownFileType = sourcecode.swift; path = JSONParameterEncoder.swift; sourceTree = "<group>"; };
		7F95D386223326F600CAE838 /* EndPointType.swift */ = {isa = PBXFileReference; lastKnownFileType = sourcecode.swift; path = EndPointType.swift; sourceTree = "<group>"; };
		7F95D3882233271900CAE838 /* HTTPMethod.swift */ = {isa = PBXFileReference; lastKnownFileType = sourcecode.swift; path = HTTPMethod.swift; sourceTree = "<group>"; };
		7F95D38A2233273500CAE838 /* HTTPTask.swift */ = {isa = PBXFileReference; lastKnownFileType = sourcecode.swift; path = HTTPTask.swift; sourceTree = "<group>"; };
		7F95D38C2233274E00CAE838 /* NetworkRouter.swift */ = {isa = PBXFileReference; lastKnownFileType = sourcecode.swift; path = NetworkRouter.swift; sourceTree = "<group>"; };
		7F95D38E2233276600CAE838 /* Router.swift */ = {isa = PBXFileReference; lastKnownFileType = sourcecode.swift; path = Router.swift; sourceTree = "<group>"; };
		7F95D392223327B600CAE838 /* NetworkManager.swift */ = {isa = PBXFileReference; lastKnownFileType = sourcecode.swift; path = NetworkManager.swift; sourceTree = "<group>"; };
		7F95D395223327F300CAE838 /* YouTubeEndPoint.swift */ = {isa = PBXFileReference; lastKnownFileType = sourcecode.swift; path = YouTubeEndPoint.swift; sourceTree = "<group>"; };
		7F95D39822332E4800CAE838 /* YouTube.swift */ = {isa = PBXFileReference; lastKnownFileType = sourcecode.swift; path = YouTube.swift; sourceTree = "<group>"; };
		7FBF07BC2236C38C00E14C34 /* NetworkLogger.swift */ = {isa = PBXFileReference; lastKnownFileType = sourcecode.swift; path = NetworkLogger.swift; sourceTree = "<group>"; };
/* End PBXFileReference section */

/* Begin PBXFrameworksBuildPhase section */
		7F73F6FE222D6F7E00D19C03 /* Frameworks */ = {
			isa = PBXFrameworksBuildPhase;
			buildActionMask = 2147483647;
			files = (
			);
			runOnlyForDeploymentPostprocessing = 0;
		};
/* End PBXFrameworksBuildPhase section */

/* Begin PBXGroup section */
		02766CEC274E64949E47CC6B /* Frameworks */ = {
			isa = PBXGroup;
			children = (
			);
			name = Frameworks;
			sourceTree = "<group>";
		};
		7F73F6F8222D6F7E00D19C03 = {
			isa = PBXGroup;
			children = (
				7F73F703222D6F7E00D19C03 /* Makeup Roulette */,
				7F73F702222D6F7E00D19C03 /* Products */,
				02766CEC274E64949E47CC6B /* Frameworks */,
			);
			sourceTree = "<group>";
		};
		7F73F702222D6F7E00D19C03 /* Products */ = {
			isa = PBXGroup;
			children = (
				7F73F701222D6F7E00D19C03 /* Makeup Roulette.app */,
			);
			name = Products;
			sourceTree = "<group>";
		};
		7F73F703222D6F7E00D19C03 /* Makeup Roulette */ = {
			isa = PBXGroup;
			children = (
				7F95D3972233281800CAE838 /* Model */,
				7F73F716222D77DA00D19C03 /* Networking */,
				7F73F704222D6F7F00D19C03 /* AppDelegate.swift */,
				7F73F706222D6F7F00D19C03 /* ViewController.swift */,
				7F73F708222D6F7F00D19C03 /* Main.storyboard */,
				7F73F70B222D6F8000D19C03 /* Assets.xcassets */,
				7F73F70D222D6F8000D19C03 /* LaunchScreen.storyboard */,
				7F73F710222D6F8000D19C03 /* Info.plist */,
			);
			path = "Makeup Roulette";
			sourceTree = "<group>";
		};
		7F73F716222D77DA00D19C03 /* Networking */ = {
			isa = PBXGroup;
			children = (
				7F95D394223327DE00CAE838 /* EndPoint */,
				7F95D3912233279A00CAE838 /* Manager */,
				7F95D3852233265D00CAE838 /* Service */,
				7F73F71A222D780800D19C03 /* Encoding */,
			);
			path = Networking;
			sourceTree = "<group>";
		};
		7F73F71A222D780800D19C03 /* Encoding */ = {
			isa = PBXGroup;
			children = (
				7F73F71B222D78A300D19C03 /* ParameterEncoding.swift */,
				7F73F71D222D78CD00D19C03 /* URLParameterEncoder.swift */,
				7F73F71F222D78E800D19C03 /* JSONParameterEncoder.swift */,
			);
			path = Encoding;
			sourceTree = "<group>";
		};
		7F95D3852233265D00CAE838 /* Service */ = {
			isa = PBXGroup;
			children = (
				7F95D386223326F600CAE838 /* EndPointType.swift */,
				7F95D3882233271900CAE838 /* HTTPMethod.swift */,
				7F95D38A2233273500CAE838 /* HTTPTask.swift */,
				7F95D38C2233274E00CAE838 /* NetworkRouter.swift */,
				7F95D38E2233276600CAE838 /* Router.swift */,
				7FBF07BC2236C38C00E14C34 /* NetworkLogger.swift */,
			);
			name = Service;
			path = "/Volumes/Untitled/Development/ios/Makeup Roulette/Makeup Roulette/Networking/Service";
			sourceTree = "<absolute>";
		};
		7F95D3912233279A00CAE838 /* Manager */ = {
			isa = PBXGroup;
			children = (
				7F95D392223327B600CAE838 /* NetworkManager.swift */,
			);
			path = Manager;
			sourceTree = "<group>";
		};
		7F95D394223327DE00CAE838 /* EndPoint */ = {
			isa = PBXGroup;
			children = (
				7F95D395223327F300CAE838 /* YouTubeEndPoint.swift */,
			);
			path = EndPoint;
			sourceTree = "<group>";
		};
		7F95D3972233281800CAE838 /* Model */ = {
			isa = PBXGroup;
			children = (
				7F95D39822332E4800CAE838 /* YouTube.swift */,
			);
			path = Model;
			sourceTree = "<group>";
		};
/* End PBXGroup section */

/* Begin PBXNativeTarget section */
		7F73F700222D6F7E00D19C03 /* Makeup Roulette */ = {
			isa = PBXNativeTarget;
			buildConfigurationList = 7F73F713222D6F8000D19C03 /* Build configuration list for PBXNativeTarget "Makeup Roulette" */;
			buildPhases = (
				7F73F6FD222D6F7E00D19C03 /* Sources */,
				7F73F6FE222D6F7E00D19C03 /* Frameworks */,
				7F73F6FF222D6F7E00D19C03 /* Resources */,
			);
			buildRules = (
			);
			dependencies = (
			);
			name = "Makeup Roulette";
			productName = "Makeup Roulette";
			productReference = 7F73F701222D6F7E00D19C03 /* Makeup Roulette.app */;
			productType = "com.apple.product-type.application";
		};
/* End PBXNativeTarget section */

/* Begin PBXProject section */
		7F73F6F9222D6F7E00D19C03 /* Project object */ = {
			isa = PBXProject;
			attributes = {
				LastSwiftUpdateCheck = 1010;
				LastUpgradeCheck = 1010;
				ORGANIZATIONNAME = Fedha;
				TargetAttributes = {
					7F73F700222D6F7E00D19C03 = {
						CreatedOnToolsVersion = 10.1;
					};
				};
			};
			buildConfigurationList = 7F73F6FC222D6F7E00D19C03 /* Build configuration list for PBXProject "Makeup Roulette" */;
			compatibilityVersion = "Xcode 9.3";
			developmentRegion = en;
			hasScannedForEncodings = 0;
			knownRegions = (
				en,
				Base,
			);
			mainGroup = 7F73F6F8222D6F7E00D19C03;
			productRefGroup = 7F73F702222D6F7E00D19C03 /* Products */;
			projectDirPath = "";
			projectRoot = "";
			targets = (
				7F73F700222D6F7E00D19C03 /* Makeup Roulette */,
			);
		};
/* End PBXProject section */

/* Begin PBXResourcesBuildPhase section */
		7F73F6FF222D6F7E00D19C03 /* Resources */ = {
			isa = PBXResourcesBuildPhase;
			buildActionMask = 2147483647;
			files = (
				7F73F70F222D6F8000D19C03 /* LaunchScreen.storyboard in Resources */,
				7F73F70C222D6F8000D19C03 /* Assets.xcassets in Resources */,
				7F73F70A222D6F7F00D19C03 /* Main.storyboard in Resources */,
			);
			runOnlyForDeploymentPostprocessing = 0;
		};
/* End PBXResourcesBuildPhase section */

/* Begin PBXSourcesBuildPhase section */
		7F73F6FD222D6F7E00D19C03 /* Sources */ = {
			isa = PBXSourcesBuildPhase;
			buildActionMask = 2147483647;
			files = (
				7FBF07BD2236C38C00E14C34 /* NetworkLogger.swift in Sources */,
				7F73F720222D78E800D19C03 /* JSONParameterEncoder.swift in Sources */,
				7F95D39922332E4800CAE838 /* YouTube.swift in Sources */,
				7F73F71E222D78CD00D19C03 /* URLParameterEncoder.swift in Sources */,
				7F95D38F2233276600CAE838 /* Router.swift in Sources */,
				7F95D3892233271900CAE838 /* HTTPMethod.swift in Sources */,
				7F95D393223327B600CAE838 /* NetworkManager.swift in Sources */,
				7F95D387223326F600CAE838 /* EndPointType.swift in Sources */,
				7F95D38B2233273500CAE838 /* HTTPTask.swift in Sources */,
				7F73F71C222D78A300D19C03 /* ParameterEncoding.swift in Sources */,
				7F73F707222D6F7F00D19C03 /* ViewController.swift in Sources */,
				7F95D396223327F300CAE838 /* YouTubeEndPoint.swift in Sources */,
				7F73F705222D6F7F00D19C03 /* AppDelegate.swift in Sources */,
				7F95D38D2233274E00CAE838 /* NetworkRouter.swift in Sources */,
			);
			runOnlyForDeploymentPostprocessing = 0;
		};
/* End PBXSourcesBuildPhase section */

/* Begin PBXVariantGroup section */
		7F73F708222D6F7F00D19C03 /* Main.storyboard */ = {
			isa = PBXVariantGroup;
			children = (
				7F73F709222D6F7F00D19C03 /* Base */,
			);
			name = Main.storyboard;
			sourceTree = "<group>";
		};
		7F73F70D222D6F8000D19C03 /* LaunchScreen.storyboard */ = {
			isa = PBXVariantGroup;
			children = (
				7F73F70E222D6F8000D19C03 /* Base */,
			);
			name = LaunchScreen.storyboard;
			sourceTree = "<group>";
		};
/* End PBXVariantGroup section */

/* Begin XCBuildConfiguration section */
		7F73F711222D6F8000D19C03 /* Debug */ = {
			isa = XCBuildConfiguration;
			buildSettings = {
				ALWAYS_SEARCH_USER_PATHS = NO;
				CLANG_ANALYZER_NONNULL = YES;
				CLANG_ANALYZER_NUMBER_OBJECT_CONVERSION = YES_AGGRESSIVE;
				CLANG_CXX_LANGUAGE_STANDARD = "gnu++14";
				CLANG_CXX_LIBRARY = "libc++";
				CLANG_ENABLE_MODULES = YES;
				CLANG_ENABLE_OBJC_ARC = YES;
				CLANG_ENABLE_OBJC_WEAK = YES;
				CLANG_WARN_BLOCK_CAPTURE_AUTORELEASING = YES;
				CLANG_WARN_BOOL_CONVERSION = YES;
				CLANG_WARN_COMMA = YES;
				CLANG_WARN_CONSTANT_CONVERSION = YES;
				CLANG_WARN_DEPRECATED_OBJC_IMPLEMENTATIONS = YES;
				CLANG_WARN_DIRECT_OBJC_ISA_USAGE = YES_ERROR;
				CLANG_WARN_DOCUMENTATION_COMMENTS = YES;
				CLANG_WARN_EMPTY_BODY = YES;
				CLANG_WARN_ENUM_CONVERSION = YES;
				CLANG_WARN_INFINITE_RECURSION = YES;
				CLANG_WARN_INT_CONVERSION = YES;
				CLANG_WARN_NON_LITERAL_NULL_CONVERSION = YES;
				CLANG_WARN_OBJC_IMPLICIT_RETAIN_SELF = YES;
				CLANG_WARN_OBJC_LITERAL_CONVERSION = YES;
				CLANG_WARN_OBJC_ROOT_CLASS = YES_ERROR;
				CLANG_WARN_RANGE_LOOP_ANALYSIS = YES;
				CLANG_WARN_STRICT_PROTOTYPES = YES;
				CLANG_WARN_SUSPICIOUS_MOVE = YES;
				CLANG_WARN_UNGUARDED_AVAILABILITY = YES_AGGRESSIVE;
				CLANG_WARN_UNREACHABLE_CODE = YES;
				CLANG_WARN__DUPLICATE_METHOD_MATCH = YES;
				CODE_SIGN_IDENTITY = "iPhone Developer";
				COPY_PHASE_STRIP = NO;
				DEBUG_INFORMATION_FORMAT = dwarf;
				ENABLE_STRICT_OBJC_MSGSEND = YES;
				ENABLE_TESTABILITY = YES;
				GCC_C_LANGUAGE_STANDARD = gnu11;
				GCC_DYNAMIC_NO_PIC = NO;
				GCC_NO_COMMON_BLOCKS = YES;
				GCC_OPTIMIZATION_LEVEL = 0;
				GCC_PREPROCESSOR_DEFINITIONS = (
					"DEBUG=1",
					"$(inherited)",
				);
				GCC_WARN_64_TO_32_BIT_CONVERSION = YES;
				GCC_WARN_ABOUT_RETURN_TYPE = YES_ERROR;
				GCC_WARN_UNDECLARED_SELECTOR = YES;
				GCC_WARN_UNINITIALIZED_AUTOS = YES_AGGRESSIVE;
				GCC_WARN_UNUSED_FUNCTION = YES;
				GCC_WARN_UNUSED_VARIABLE = YES;
				IPHONEOS_DEPLOYMENT_TARGET = 12.1;
				MTL_ENABLE_DEBUG_INFO = INCLUDE_SOURCE;
				MTL_FAST_MATH = YES;
				ONLY_ACTIVE_ARCH = YES;
				SDKROOT = iphoneos;
				SWIFT_ACTIVE_COMPILATION_CONDITIONS = DEBUG;
				SWIFT_OPTIMIZATION_LEVEL = "-Onone";
			};
			name = Debug;
		};
		7F73F712222D6F8000D19C03 /* Release */ = {
			isa = XCBuildConfiguration;
			buildSettings = {
				ALWAYS_SEARCH_USER_PATHS = NO;
				CLANG_ANALYZER_NONNULL = YES;
				CLANG_ANALYZER_NUMBER_OBJECT_CONVERSION = YES_AGGRESSIVE;
				CLANG_CXX_LANGUAGE_STANDARD = "gnu++14";
				CLANG_CXX_LIBRARY = "libc++";
				CLANG_ENABLE_MODULES = YES;
				CLANG_ENABLE_OBJC_ARC = YES;
				CLANG_ENABLE_OBJC_WEAK = YES;
				CLANG_WARN_BLOCK_CAPTURE_AUTORELEASING = YES;
				CLANG_WARN_BOOL_CONVERSION = YES;
				CLANG_WARN_COMMA = YES;
				CLANG_WARN_CONSTANT_CONVERSION = YES;
				CLANG_WARN_DEPRECATED_OBJC_IMPLEMENTATIONS = YES;
				CLANG_WARN_DIRECT_OBJC_ISA_USAGE = YES_ERROR;
				CLANG_WARN_DOCUMENTATION_COMMENTS = YES;
				CLANG_WARN_EMPTY_BODY = YES;
				CLANG_WARN_ENUM_CONVERSION = YES;
				CLANG_WARN_INFINITE_RECURSION = YES;
				CLANG_WARN_INT_CONVERSION = YES;
				CLANG_WARN_NON_LITERAL_NULL_CONVERSION = YES;
				CLANG_WARN_OBJC_IMPLICIT_RETAIN_SELF = YES;
				CLANG_WARN_OBJC_LITERAL_CONVERSION = YES;
				CLANG_WARN_OBJC_ROOT_CLASS = YES_ERROR;
				CLANG_WARN_RANGE_LOOP_ANALYSIS = YES;
				CLANG_WARN_STRICT_PROTOTYPES = YES;
				CLANG_WARN_SUSPICIOUS_MOVE = YES;
				CLANG_WARN_UNGUARDED_AVAILABILITY = YES_AGGRESSIVE;
				CLANG_WARN_UNREACHABLE_CODE = YES;
				CLANG_WARN__DUPLICATE_METHOD_MATCH = YES;
				CODE_SIGN_IDENTITY = "iPhone Developer";
				COPY_PHASE_STRIP = NO;
				DEBUG_INFORMATION_FORMAT = "dwarf-with-dsym";
				ENABLE_NS_ASSERTIONS = NO;
				ENABLE_STRICT_OBJC_MSGSEND = YES;
				GCC_C_LANGUAGE_STANDARD = gnu11;
				GCC_NO_COMMON_BLOCKS = YES;
				GCC_WARN_64_TO_32_BIT_CONVERSION = YES;
				GCC_WARN_ABOUT_RETURN_TYPE = YES_ERROR;
				GCC_WARN_UNDECLARED_SELECTOR = YES;
				GCC_WARN_UNINITIALIZED_AUTOS = YES_AGGRESSIVE;
				GCC_WARN_UNUSED_FUNCTION = YES;
				GCC_WARN_UNUSED_VARIABLE = YES;
				IPHONEOS_DEPLOYMENT_TARGET = 12.1;
				MTL_ENABLE_DEBUG_INFO = NO;
				MTL_FAST_MATH = YES;
				SDKROOT = iphoneos;
				SWIFT_COMPILATION_MODE = wholemodule;
				SWIFT_OPTIMIZATION_LEVEL = "-O";
				VALIDATE_PRODUCT = YES;
			};
			name = Release;
		};
		7F73F714222D6F8000D19C03 /* Debug */ = {
			isa = XCBuildConfiguration;
			buildSettings = {
				ASSETCATALOG_COMPILER_APPICON_NAME = AppIcon;
				CODE_SIGN_IDENTITY = "iPhone Developer";
				CODE_SIGN_STYLE = Automatic;
				DEVELOPMENT_TEAM = YUED9C4RF4;
				INFOPLIST_FILE = "Makeup Roulette/Info.plist";
				LD_RUNPATH_SEARCH_PATHS = (
					"$(inherited)",
					"@executable_path/Frameworks",
				);
				PRODUCT_BUNDLE_IDENTIFIER = "makeup.roulette.com.Makeup-Roulette";
				PRODUCT_NAME = "$(TARGET_NAME)";
				PROVISIONING_PROFILE_SPECIFIER = "";
				SWIFT_VERSION = 4.2;
				TARGETED_DEVICE_FAMILY = "1,2";
			};
			name = Debug;
		};
		7F73F715222D6F8000D19C03 /* Release */ = {
			isa = XCBuildConfiguration;
			buildSettings = {
				ASSETCATALOG_COMPILER_APPICON_NAME = AppIcon;
				CODE_SIGN_IDENTITY = "iPhone Developer";
				CODE_SIGN_STYLE = Automatic;
				DEVELOPMENT_TEAM = YUED9C4RF4;
				INFOPLIST_FILE = "Makeup Roulette/Info.plist";
				LD_RUNPATH_SEARCH_PATHS = (
					"$(inherited)",
					"@executable_path/Frameworks",
				);
				PRODUCT_BUNDLE_IDENTIFIER = "makeup.roulette.com.Makeup-Roulette";
				PRODUCT_NAME = "$(TARGET_NAME)";
				PROVISIONING_PROFILE_SPECIFIER = "";
				SWIFT_VERSION = 4.2;
				TARGETED_DEVICE_FAMILY = "1,2";
			};
			name = Release;
		};
/* End XCBuildConfiguration section */

/* Begin XCConfigurationList section */
		7F73F6FC222D6F7E00D19C03 /* Build configuration list for PBXProject "Makeup Roulette" */ = {
			isa = XCConfigurationList;
			buildConfigurations = (
				7F73F711222D6F8000D19C03 /* Debug */,
				7F73F712222D6F8000D19C03 /* Release */,
			);
			defaultConfigurationIsVisible = 0;
			defaultConfigurationName = Release;
		};
		7F73F713222D6F8000D19C03 /* Build configuration list for PBXNativeTarget "Makeup Roulette" */ = {
			isa = XCConfigurationList;
			buildConfigurations = (
				7F73F714222D6F8000D19C03 /* Debug */,
				7F73F715222D6F8000D19C03 /* Release */,
			);
			defaultConfigurationIsVisible = 0;
			defaultConfigurationName = Release;
		};
/* End XCConfigurationList section */
	};
	rootObject = 7F73F6F9222D6F7E00D19C03 /* Project object */;
}
